
Microsoft Visual Studio Solution File, Format Version 12.00
# Visual Studio Version 17
VisualStudioVersion = 17.5.33414.496
MinimumVisualStudioVersion = 10.0.40219.1
Project("{FAE04EC0-301F-11D3-BF4B-00C04F79EFBC}") = "AgendaDeTarefasAtt", "AgendaDeTarefasAtt\AgendaDeTarefasAtt.csproj", "{A908E61A-F6AF-4861-8172-9391EF155A27}"
EndProject
Global
	GlobalSection(SolutionConfigurationPlatforms) = preSolution
		Debug|Any CPU = Debug|Any CPU
		Release|Any CPU = Release|Any CPU
	EndGlobalSection
	GlobalSection(ProjectConfigurationPlatforms) = postSolution
		{A908E61A-F6AF-4861-8172-9391EF155A27}.Debug|Any CPU.ActiveCfg = Debug|Any CPU
		{A908E61A-F6AF-4861-8172-9391EF155A27}.Debug|Any CPU.Build.0 = Debug|Any CPU
		{A908E61A-F6AF-4861-8172-9391EF155A27}.Release|Any CPU.ActiveCfg = Release|Any CPU
		{A908E61A-F6AF-4861-8172-9391EF155A27}.Release|Any CPU.Build.0 = Release|Any CPU
	EndGlobalSection
	GlobalSection(SolutionProperties) = preSolution
		HideSolutionNode = FALSE
	EndGlobalSection
	GlobalSection(ExtensibilityGlobals) = postSolution
		SolutionGuid = {EBB8B4E9-AC02-42ED-B009-934125EA2865}
	EndGlobalSection
EndGlobal
